
Microsoft Visual Studio Solution File, Format Version 12.00
# Visual Studio Version 17
VisualStudioVersion = 17.9.34728.123
MinimumVisualStudioVersion = 10.0.40219.1
Project("{FAE04EC0-301F-11D3-BF4B-00C04F79EFBC}") = "Consumer", "Consumer\Consumer.csproj", "{C3A8C430-EFEC-4768-ABD8-228CF30B2CEE}"
EndProject
Project("{FAE04EC0-301F-11D3-BF4B-00C04F79EFBC}") = "Producer", "Producer\Producer.csproj", "{7F5E0582-4F8A-4176-BB96-C90F3255FCFF}"
EndProject
Global
	GlobalSection(SolutionConfigurationPlatforms) = preSolution
		Debug|Any CPU = Debug|Any CPU
		Release|Any CPU = Release|Any CPU
	EndGlobalSection
	GlobalSection(ProjectConfigurationPlatforms) = postSolution
		{C3A8C430-EFEC-4768-ABD8-228CF30B2CEE}.Debug|Any CPU.ActiveCfg = Debug|Any CPU
		{C3A8C430-EFEC-4768-ABD8-228CF30B2CEE}.Debug|Any CPU.Build.0 = Debug|Any CPU
		{C3A8C430-EFEC-4768-ABD8-228CF30B2CEE}.Release|Any CPU.ActiveCfg = Release|Any CPU
		{C3A8C430-EFEC-4768-ABD8-228CF30B2CEE}.Release|Any CPU.Build.0 = Release|Any CPU
		{7F5E0582-4F8A-4176-BB96-C90F3255FCFF}.Debug|Any CPU.ActiveCfg = Debug|Any CPU
		{7F5E0582-4F8A-4176-BB96-C90F3255FCFF}.Debug|Any CPU.Build.0 = Debug|Any CPU
		{7F5E0582-4F8A-4176-BB96-C90F3255FCFF}.Release|Any CPU.ActiveCfg = Release|Any CPU
		{7F5E0582-4F8A-4176-BB96-C90F3255FCFF}.Release|Any CPU.Build.0 = Release|Any CPU
	EndGlobalSection
	GlobalSection(SolutionProperties) = preSolution
		HideSolutionNode = FALSE
	EndGlobalSection
	GlobalSection(ExtensibilityGlobals) = postSolution
		SolutionGuid = {12AD8A9F-B2A1-46FA-8E85-BC6E7826B263}
	EndGlobalSection
EndGlobal
